{
  "pins" : [
    {
      "identity" : "apiclient-ios",
      "kind" : "remoteSourceControl",
      "location" : "https://github.com/shayan18/ApiClient-iOS",
      "state" : {
        "branch" : "main",
        "revision" : "7991494e38c3e9b87117f4a3faaa794d69c8ae64"
      }
    },
    {
      "identity" : "combine-schedulers",
      "kind" : "remoteSourceControl",
      "location" : "https://github.com/pointfreeco/combine-schedulers.git",
      "state" : {
        "revision" : "0ba3a562716efabb585ccb169450c5389107286b",
        "version" : "0.6.0"
      }
    },
    {
      "identity" : "microya",
      "kind" : "remoteSourceControl",
      "location" : "https://github.com/Flinesoft/Microya.git",
      "state" : {
        "branch" : "main",
        "revision" : "341f12a8e8e4ddb6cfc90bb6f62436f393a8378f"
      }
    },
    {
      "identity" : "toast-swift",
      "kind" : "remoteSourceControl",
      "location" : "https://github.com/scalessec/Toast-Swift",
      "state" : {
        "revision" : "0c9493eeacb102cc614da385cfaaf475379f4ab4",
        "version" : "5.0.1"
      }
    },
    {
      "identity" : "xctest-dynamic-overlay",
      "kind" : "remoteSourceControl",
      "location" : "https://github.com/pointfreeco/xctest-dynamic-overlay",
      "state" : {
        "revision" : "8816142e27f1127d87c61cee4a0a5db93e9df7c4",
        "version" : "0.3.1"
      }
    }
  ],
  "version" : 2
}
